
Microsoft Visual Studio Solution File, Format Version 12.00
# Visual Studio Version 17
VisualStudioVersion = 17.7.34202.233
MinimumVisualStudioVersion = 10.0.40219.1
Project("{8BC9CEB8-8B4A-11D0-8D11-00A0C91BC942}") = "MT3_1_1", "MT3_1_1.vcxproj", "{96FE6E0A-3C2C-419F-8F9D-13930EBF7C97}"
EndProject
Global
	GlobalSection(SolutionConfigurationPlatforms) = preSolution
		Debug|x64 = Debug|x64
		Release|x64 = Release|x64
	EndGlobalSection
	GlobalSection(ProjectConfigurationPlatforms) = postSolution
		{96FE6E0A-3C2C-419F-8F9D-13930EBF7C97}.Debug|x64.ActiveCfg = Debug|x64
		{96FE6E0A-3C2C-419F-8F9D-13930EBF7C97}.Debug|x64.Build.0 = Debug|x64
		{96FE6E0A-3C2C-419F-8F9D-13930EBF7C97}.Release|x64.ActiveCfg = Release|x64
		{96FE6E0A-3C2C-419F-8F9D-13930EBF7C97}.Release|x64.Build.0 = Release|x64
	EndGlobalSection
	GlobalSection(SolutionProperties) = preSolution
		HideSolutionNode = FALSE
	EndGlobalSection
	GlobalSection(ExtensibilityGlobals) = postSolution
		SolutionGuid = {9D962704-2B15-45A2-9B6F-F50D5359D93B}
	EndGlobalSection
EndGlobal
